hash: 2f8b8a2991e084697f090fe8ed728c2b72881e828c0f434c03922b151ba94f46
updated: 2017-04-26T10:23:44.90557127-07:00
imports:
- name: github.com/beorn7/perks
  version: 4c0e84591b9aa9e6dcfdf3e020114cd81f89d5f9
  subpackages:
  - quantile
- name: github.com/certifi/gocertifi
  version: a9c833d2837d3b16888d55d5aafa9ffe9afb22b0
- name: github.com/cloudflare/cfssl
  version: 851e4b77bb0e13a97e7d836a2f069d17ed5478c1
  subpackages:
  - auth
  - certdb
  - config
  - crypto/pkcs7
  - csr
  - errors
  - helpers
  - helpers/derhelpers
  - info
  - log
  - ocsp/config
  - signer
  - ubiquity
- name: github.com/fsnotify/fsnotify
  version: 4da3e2cfbabc9f751898f250b49f2439785783a1
- name: github.com/getsentry/raven-go
  version: b68337dbf03e7fbb53d9fd9b63fd09b28e8f13f7
- name: github.com/golang/protobuf
  version: 2bba0603135d7d7f5cb73b2125beeda19c09f4ef
  subpackages:
  - proto
- name: github.com/google/certificate-transparency
  version: 32acc4216ea1f20eca97a1cdbc72b73af9e27d20
  repo: https://github.com/google/certificate-transparency
  subpackages:
  - go
  - go/asn1
  - go/tls
  - go/x509
  - go/x509/pkix
- name: github.com/hashicorp/hcl
  version: 7fa7fff964d035e8a162cce3a164b3ad02ad651b
  subpackages:
  - hcl/ast
  - hcl/parser
  - hcl/scanner
  - hcl/strconv
  - hcl/token
  - json/parser
  - json/scanner
  - json/token
- name: github.com/inconshreveable/mousetrap
  version: 76626ae9c91c4f2a10f34cad8ce83ea42c93bb75
- name: github.com/magiconair/properties
  version: 51463bfca2576e06c62a8504b5c0f06d61312647
- name: github.com/mattes/migrate
  version: 7dde43471463c0ee6a4183e1b5a8239ae2aa3122
  subpackages:
  - driver
  - driver/sqlite3
  - file
  - migrate
  - migrate/direction
  - pipe
- name: github.com/mattn/go-sqlite3
  version: ca5e3819723d8eeaf170ad510e7da1d6d2e94a08
- name: github.com/matttproud/golang_protobuf_extensions
  version: c12348ce28de40eed0136aa2b644d0ee0650e56c
  subpackages:
  - pbutil
- name: github.com/mitchellh/mapstructure
  version: cc8532a8e9a55ea36402aa21efdf403a60d34096
- name: github.com/pelletier/go-buffruneio
  version: c37440a7cf42ac63b919c752ca73a85067e05992
- name: github.com/pelletier/go-toml
  version: fe206efb84b2bc8e8cfafe6b4c1826622be969e3
- name: github.com/prometheus/client_golang
  version: c5b7fccd204277076155f10851dad72b76a49317
  subpackages:
  - prometheus
- name: github.com/prometheus/client_model
  version: 6f3806018612930941127f2a7c6c453ba2c527d2
  subpackages:
  - go
- name: github.com/prometheus/common
  version: 9e0844febd9e2856f839c9cb974fbd676d1755a8
  subpackages:
  - expfmt
  - internal/bitbucket.org/ww/goautoneg
  - model
- name: github.com/prometheus/procfs
  version: 6ac8c5d890d415025dd5aae7595bcb2a6e7e2fad
  subpackages:
  - xfs
- name: github.com/spf13/afero
  version: 9be650865eab0c12963d8753212f4f9c66cdcf12
  subpackages:
  - mem
- name: github.com/spf13/cast
  version: acbeb36b902d72a7a4c18e8f3241075e7ab763e4
- name: github.com/spf13/cobra
  version: 6ed17b5128e8932c9ecd4c3970e8ea5e60a418ac
- name: github.com/spf13/jwalterweatherman
  version: fa7ca7e836cf3a8bb4ebf799f472c12d7e903d66
- name: github.com/spf13/pflag
  version: 2300d0f8576fe575f71aaa5b9bbe4e1b0dc2eb51
- name: github.com/spf13/viper
  version: 0967fc9aceab2ce9da34061253ac10fb99bba5b2
- name: golang.org/x/crypto
  version: 9a6f0a01987842989747adff311d80750ba25530
  repo: https://go.googlesource.com/crypto
  subpackages:
  - ocsp
  - pbkdf2
  - pkcs12
  - pkcs12/internal/rc2
  - scrypt
- name: golang.org/x/net
  version: 3f122ce3dbbe488b7e6a8bdb26f41edec852a40b
  repo: https://go.googlesource.com/net
  subpackages:
  - context
- name: golang.org/x/sys
  version: 9f30dcbe5be197894515a338a9bda9253567ea8f
  subpackages:
  - unix
- name: golang.org/x/text
  version: a9a820217f98f7c8a207ec1e45a874e1fe12c478
  subpackages:
  - transform
  - unicode/norm
- name: gopkg.in/yaml.v2
  version: cd8b52f8269e0feb286dfeef29f8fe4d5b397e0b
testImports:
- name: gopkg.in/DATA-DOG/go-sqlmock.v1
  version: b983233bc0bbea4dc6e8ec8c8c923d935765ffec
